// !$*UTF8*$!
{
	archiveVersion = 1;
	classes = {
	};
	objectVersion = 50;
	objects = {

/* Begin PBXBuildFile section */
		CE1CD06222EE1A7700BD4321 /* AppDelegate.swift in Sources */ = {isa = PBXBuildFile; fileRef = CE1CD06122EE1A7700BD4321 /* AppDelegate.swift */; };
		CE1CD06422EE1A7700BD4321 /* MainViewController.swift in Sources */ = {isa = PBXBuildFile; fileRef = CE1CD06322EE1A7700BD4321 /* MainViewController.swift */; };
		CE1CD06A22EE1A7700BD4321 /* The_Suggestion_ATOR_MAX.xcdatamodeld in Sources */ = {isa = PBXBuildFile; fileRef = CE1CD06822EE1A7700BD4321 /* The_Suggestion_ATOR_MAX.xcdatamodeld */; };
		CE1CD06C22EE1A7900BD4321 /* Assets.xcassets in Resources */ = {isa = PBXBuildFile; fileRef = CE1CD06B22EE1A7900BD4321 /* Assets.xcassets */; };
		CE1CD06F22EE1A7900BD4321 /* LaunchScreen.storyboard in Resources */ = {isa = PBXBuildFile; fileRef = CE1CD06D22EE1A7900BD4321 /* LaunchScreen.storyboard */; };
		CE1CD07822EE39AD00BD4321 /* UIColor.swift in Sources */ = {isa = PBXBuildFile; fileRef = CE1CD07722EE39AD00BD4321 /* UIColor.swift */; };
		CE1CD07B22EE3F6E00BD4321 /* SceneCategoryController.swift in Sources */ = {isa = PBXBuildFile; fileRef = CE1CD07A22EE3F6E00BD4321 /* SceneCategoryController.swift */; };
		CE1CD07D22EE3F9700BD4321 /* RandomizerViewController.swift in Sources */ = {isa = PBXBuildFile; fileRef = CE1CD07C22EE3F9700BD4321 /* RandomizerViewController.swift */; };
		CE27F15922EE4BBB00A5DD5B /* RandomizerView.swift in Sources */ = {isa = PBXBuildFile; fileRef = CE27F15822EE4BBB00A5DD5B /* RandomizerView.swift */; };
		CE27F15C22EE4EE300A5DD5B /* UIElementManager.swift in Sources */ = {isa = PBXBuildFile; fileRef = CE27F15B22EE4EE300A5DD5B /* UIElementManager.swift */; };
		CE27F15E22EE509900A5DD5B /* UIFont.swift in Sources */ = {isa = PBXBuildFile; fileRef = CE27F15D22EE509900A5DD5B /* UIFont.swift */; };
		CE27F16022EE516900A5DD5B /* UIElementSizes.swift in Sources */ = {isa = PBXBuildFile; fileRef = CE27F15F22EE516900A5DD5B /* UIElementSizes.swift */; };
		CE27F16222EE56D000A5DD5B /* Constraints.swift in Sources */ = {isa = PBXBuildFile; fileRef = CE27F16122EE56D000A5DD5B /* Constraints.swift */; };
		CE3C3BCD2301005500874AB3 /* RandomizerViewModel.swift in Sources */ = {isa = PBXBuildFile; fileRef = CE3C3BCC2301005500874AB3 /* RandomizerViewModel.swift */; };
		CE5B897F23086B780092DC15 /* UIView.swift in Sources */ = {isa = PBXBuildFile; fileRef = CE5B897E23086B780092DC15 /* UIView.swift */; };
		CE946A9C22FF678300EF027D /* SceneCategory+CoreDataClass.swift in Sources */ = {isa = PBXBuildFile; fileRef = CE946A9A22FF678300EF027D /* SceneCategory+CoreDataClass.swift */; };
		CE946A9D22FF678300EF027D /* SceneCategory+CoreDataProperties.swift in Sources */ = {isa = PBXBuildFile; fileRef = CE946A9B22FF678300EF027D /* SceneCategory+CoreDataProperties.swift */; };
		CE946AA022FF67EB00EF027D /* AskFor+CoreDataClass.swift in Sources */ = {isa = PBXBuildFile; fileRef = CE946A9E22FF67EB00EF027D /* AskFor+CoreDataClass.swift */; };
		CE946AA122FF67EB00EF027D /* AskFor+CoreDataProperties.swift in Sources */ = {isa = PBXBuildFile; fileRef = CE946A9F22FF67EB00EF027D /* AskFor+CoreDataProperties.swift */; };
		CE946AA322FF701D00EF027D /* SuggestionController.swift in Sources */ = {isa = PBXBuildFile; fileRef = CE946AA222FF701D00EF027D /* SuggestionController.swift */; };
		CE946AA722FF951300EF027D /* UIViewController.swift in Sources */ = {isa = PBXBuildFile; fileRef = CE946AA622FF951300EF027D /* UIViewController.swift */; };
		CE946AA922FF9EEA00EF027D /* AskForsViewController.swift in Sources */ = {isa = PBXBuildFile; fileRef = CE946AA822FF9EEA00EF027D /* AskForsViewController.swift */; };
		CE946AAB22FFD32600EF027D /* SceneCategoryModel.swift in Sources */ = {isa = PBXBuildFile; fileRef = CE946AAA22FFD32600EF027D /* SceneCategoryModel.swift */; };
		CE946AAD2300D5C700EF027D /* AskForModel.swift in Sources */ = {isa = PBXBuildFile; fileRef = CE946AAC2300D5C700EF027D /* AskForModel.swift */; };
		CE946AAF2300E66100EF027D /* SuggestionModel.swift in Sources */ = {isa = PBXBuildFile; fileRef = CE946AAE2300E66100EF027D /* SuggestionModel.swift */; };
		CEA1834B22F68E570040B96F /* CoreDataManager.swift in Sources */ = {isa = PBXBuildFile; fileRef = CEA1834A22F68E570040B96F /* CoreDataManager.swift */; };
/* End PBXBuildFile section */

/* Begin PBXFileReference section */
		CE1CD05E22EE1A7700BD4321 /* The Suggestion-ATOR MAX.app */ = {isa = PBXFileReference; explicitFileType = wrapper.application; includeInIndex = 0; path = "The Suggestion-ATOR MAX.app"; sourceTree = BUILT_PRODUCTS_DIR; };
		CE1CD06122EE1A7700BD4321 /* AppDelegate.swift */ = {isa = PBXFileReference; lastKnownFileType = sourcecode.swift; path = AppDelegate.swift; sourceTree = "<group>"; };
		CE1CD06322EE1A7700BD4321 /* MainViewController.swift */ = {isa = PBXFileReference; lastKnownFileType = sourcecode.swift; path = MainViewController.swift; sourceTree = "<group>"; };
		CE1CD06922EE1A7700BD4321 /* The_Suggestion_ATOR_MAX.xcdatamodel */ = {isa = PBXFileReference; lastKnownFileType = wrapper.xcdatamodel; path = The_Suggestion_ATOR_MAX.xcdatamodel; sourceTree = "<group>"; };
		CE1CD06B22EE1A7900BD4321 /* Assets.xcassets */ = {isa = PBXFileReference; lastKnownFileType = folder.assetcatalog; path = Assets.xcassets; sourceTree = "<group>"; };
		CE1CD06E22EE1A7900BD4321 /* Base */ = {isa = PBXFileReference; lastKnownFileType = file.storyboard; name = Base; path = Base.lproj/LaunchScreen.storyboard; sourceTree = "<group>"; };
		CE1CD07022EE1A7900BD4321 /* Info.plist */ = {isa = PBXFileReference; lastKnownFileType = text.plist.xml; path = Info.plist; sourceTree = "<group>"; };
		CE1CD07722EE39AD00BD4321 /* UIColor.swift */ = {isa = PBXFileReference; lastKnownFileType = sourcecode.swift; path = UIColor.swift; sourceTree = "<group>"; };
		CE1CD07A22EE3F6E00BD4321 /* SceneCategoryController.swift */ = {isa = PBXFileReference; lastKnownFileType = sourcecode.swift; path = SceneCategoryController.swift; sourceTree = "<group>"; };
		CE1CD07C22EE3F9700BD4321 /* RandomizerViewController.swift */ = {isa = PBXFileReference; lastKnownFileType = sourcecode.swift; path = RandomizerViewController.swift; sourceTree = "<group>"; };
		CE27F15822EE4BBB00A5DD5B /* RandomizerView.swift */ = {isa = PBXFileReference; lastKnownFileType = sourcecode.swift; path = RandomizerView.swift; sourceTree = "<group>"; };
		CE27F15B22EE4EE300A5DD5B /* UIElementManager.swift */ = {isa = PBXFileReference; lastKnownFileType = sourcecode.swift; path = UIElementManager.swift; sourceTree = "<group>"; };
		CE27F15D22EE509900A5DD5B /* UIFont.swift */ = {isa = PBXFileReference; lastKnownFileType = sourcecode.swift; path = UIFont.swift; sourceTree = "<group>"; };
		CE27F15F22EE516900A5DD5B /* UIElementSizes.swift */ = {isa = PBXFileReference; lastKnownFileType = sourcecode.swift; path = UIElementSizes.swift; sourceTree = "<group>"; };
		CE27F16122EE56D000A5DD5B /* Constraints.swift */ = {isa = PBXFileReference; lastKnownFileType = sourcecode.swift; path = Constraints.swift; sourceTree = "<group>"; };
		CE3C3BCC2301005500874AB3 /* RandomizerViewModel.swift */ = {isa = PBXFileReference; lastKnownFileType = sourcecode.swift; path = RandomizerViewModel.swift; sourceTree = "<group>"; };
		CE5B897E23086B780092DC15 /* UIView.swift */ = {isa = PBXFileReference; lastKnownFileType = sourcecode.swift; path = UIView.swift; sourceTree = "<group>"; };
		CE946A9A22FF678300EF027D /* SceneCategory+CoreDataClass.swift */ = {isa = PBXFileReference; lastKnownFileType = sourcecode.swift; path = "SceneCategory+CoreDataClass.swift"; sourceTree = "<group>"; };
		CE946A9B22FF678300EF027D /* SceneCategory+CoreDataProperties.swift */ = {isa = PBXFileReference; lastKnownFileType = sourcecode.swift; path = "SceneCategory+CoreDataProperties.swift"; sourceTree = "<group>"; };
		CE946A9E22FF67EB00EF027D /* AskFor+CoreDataClass.swift */ = {isa = PBXFileReference; lastKnownFileType = sourcecode.swift; path = "AskFor+CoreDataClass.swift"; sourceTree = "<group>"; };
		CE946A9F22FF67EB00EF027D /* AskFor+CoreDataProperties.swift */ = {isa = PBXFileReference; lastKnownFileType = sourcecode.swift; path = "AskFor+CoreDataProperties.swift"; sourceTree = "<group>"; };
		CE946AA222FF701D00EF027D /* SuggestionController.swift */ = {isa = PBXFileReference; lastKnownFileType = sourcecode.swift; path = SuggestionController.swift; sourceTree = "<group>"; };
		CE946AA622FF951300EF027D /* UIViewController.swift */ = {isa = PBXFileReference; lastKnownFileType = sourcecode.swift; path = UIViewController.swift; sourceTree = "<group>"; };
		CE946AA822FF9EEA00EF027D /* AskForsViewController.swift */ = {isa = PBXFileReference; fileEncoding = 4; lastKnownFileType = sourcecode.swift; path = AskForsViewController.swift; sourceTree = "<group>"; };
		CE946AAA22FFD32600EF027D /* SceneCategoryModel.swift */ = {isa = PBXFileReference; lastKnownFileType = sourcecode.swift; path = SceneCategoryModel.swift; sourceTree = "<group>"; };
		CE946AAC2300D5C700EF027D /* AskForModel.swift */ = {isa = PBXFileReference; lastKnownFileType = sourcecode.swift; path = AskForModel.swift; sourceTree = "<group>"; };
		CE946AAE2300E66100EF027D /* SuggestionModel.swift */ = {isa = PBXFileReference; lastKnownFileType = sourcecode.swift; path = SuggestionModel.swift; sourceTree = "<group>"; };
		CEA1834A22F68E570040B96F /* CoreDataManager.swift */ = {isa = PBXFileReference; lastKnownFileType = sourcecode.swift; path = CoreDataManager.swift; sourceTree = "<group>"; };
/* End PBXFileReference section */

/* Begin PBXFrameworksBuildPhase section */
		CE1CD05B22EE1A7700BD4321 /* Frameworks */ = {
			isa = PBXFrameworksBuildPhase;
			buildActionMask = 2147483647;
			files = (
			);
			runOnlyForDeploymentPostprocessing = 0;
		};
/* End PBXFrameworksBuildPhase section */

/* Begin PBXGroup section */
		CE1CD05522EE1A7700BD4321 = {
			isa = PBXGroup;
			children = (
				CE1CD06022EE1A7700BD4321 /* The Suggestion-ATOR MAX */,
				CE1CD05F22EE1A7700BD4321 /* Products */,
			);
			sourceTree = "<group>";
		};
		CE1CD05F22EE1A7700BD4321 /* Products */ = {
			isa = PBXGroup;
			children = (
				CE1CD05E22EE1A7700BD4321 /* The Suggestion-ATOR MAX.app */,
			);
			name = Products;
			sourceTree = "<group>";
		};
		CE1CD06022EE1A7700BD4321 /* The Suggestion-ATOR MAX */ = {
			isa = PBXGroup;
			children = (
				CEA1834922F68E3F0040B96F /* CoreData */,
				CE27F16322EE61A000A5DD5B /* Models */,
				CE27F15A22EE4EC800A5DD5B /* Utilities */,
				CE27F15722EE4B9A00A5DD5B /* Views */,
				CE1CD06122EE1A7700BD4321 /* AppDelegate.swift */,
				CE1CD07922EE3F3600BD4321 /* Controllers */,
				CE1CD07622EE398400BD4321 /* Extensions */,
				CE1CD06B22EE1A7900BD4321 /* Assets.xcassets */,
				CE1CD06D22EE1A7900BD4321 /* LaunchScreen.storyboard */,
				CE1CD07022EE1A7900BD4321 /* Info.plist */,
				CE1CD06822EE1A7700BD4321 /* The_Suggestion_ATOR_MAX.xcdatamodeld */,
			);
			path = "The Suggestion-ATOR MAX";
			sourceTree = "<group>";
		};
		CE1CD07622EE398400BD4321 /* Extensions */ = {
			isa = PBXGroup;
			children = (
				CE1CD07722EE39AD00BD4321 /* UIColor.swift */,
				CE27F15D22EE509900A5DD5B /* UIFont.swift */,
				CE946AA622FF951300EF027D /* UIViewController.swift */,
				CE5B897E23086B780092DC15 /* UIView.swift */,
			);
			path = Extensions;
			sourceTree = "<group>";
		};
		CE1CD07922EE3F3600BD4321 /* Controllers */ = {
			isa = PBXGroup;
			children = (
				CE946AA822FF9EEA00EF027D /* AskForsViewController.swift */,
				CE1CD06322EE1A7700BD4321 /* MainViewController.swift */,
				CE1CD07A22EE3F6E00BD4321 /* SceneCategoryController.swift */,
				CE1CD07C22EE3F9700BD4321 /* RandomizerViewController.swift */,
				CE946AA222FF701D00EF027D /* SuggestionController.swift */,
			);
			path = Controllers;
			sourceTree = "<group>";
		};
		CE27F15722EE4B9A00A5DD5B /* Views */ = {
			isa = PBXGroup;
			children = (
				CE27F15822EE4BBB00A5DD5B /* RandomizerView.swift */,
			);
			path = Views;
			sourceTree = "<group>";
		};
		CE27F15A22EE4EC800A5DD5B /* Utilities */ = {
			isa = PBXGroup;
			children = (
				CE27F15B22EE4EE300A5DD5B /* UIElementManager.swift */,
				CE27F15F22EE516900A5DD5B /* UIElementSizes.swift */,
				CE27F16122EE56D000A5DD5B /* Constraints.swift */,
			);
			path = Utilities;
			sourceTree = "<group>";
		};
		CE27F16322EE61A000A5DD5B /* Models */ = {
			isa = PBXGroup;
			children = (
				CE946AAA22FFD32600EF027D /* SceneCategoryModel.swift */,
				CE946AAC2300D5C700EF027D /* AskForModel.swift */,
				CE946AAE2300E66100EF027D /* SuggestionModel.swift */,
				CE3C3BCC2301005500874AB3 /* RandomizerViewModel.swift */,
			);
			path = Models;
			sourceTree = "<group>";
		};
		CEA1834922F68E3F0040B96F /* CoreData */ = {
			isa = PBXGroup;
			children = (
				CE946A9E22FF67EB00EF027D /* AskFor+CoreDataClass.swift */,
				CE946A9F22FF67EB00EF027D /* AskFor+CoreDataProperties.swift */,
				CE946A9A22FF678300EF027D /* SceneCategory+CoreDataClass.swift */,
				CE946A9B22FF678300EF027D /* SceneCategory+CoreDataProperties.swift */,
				CEA1834A22F68E570040B96F /* CoreDataManager.swift */,
			);
			path = CoreData;
			sourceTree = "<group>";
		};
/* End PBXGroup section */

/* Begin PBXNativeTarget section */
		CE1CD05D22EE1A7700BD4321 /* The Suggestion-ATOR MAX */ = {
			isa = PBXNativeTarget;
			buildConfigurationList = CE1CD07322EE1A7900BD4321 /* Build configuration list for PBXNativeTarget "The Suggestion-ATOR MAX" */;
			buildPhases = (
				CE1CD05A22EE1A7700BD4321 /* Sources */,
				CE1CD05B22EE1A7700BD4321 /* Frameworks */,
				CE1CD05C22EE1A7700BD4321 /* Resources */,
			);
			buildRules = (
			);
			dependencies = (
			);
			name = "The Suggestion-ATOR MAX";
			productName = "The Suggestion-ATOR MAX";
			productReference = CE1CD05E22EE1A7700BD4321 /* The Suggestion-ATOR MAX.app */;
			productType = "com.apple.product-type.application";
		};
/* End PBXNativeTarget section */

/* Begin PBXProject section */
		CE1CD05622EE1A7700BD4321 /* Project object */ = {
			isa = PBXProject;
			attributes = {
				LastSwiftUpdateCheck = 1030;
				LastUpgradeCheck = 1030;
				ORGANIZATIONNAME = "Paus Productions";
				TargetAttributes = {
					CE1CD05D22EE1A7700BD4321 = {
						CreatedOnToolsVersion = 10.3;
					};
				};
			};
			buildConfigurationList = CE1CD05922EE1A7700BD4321 /* Build configuration list for PBXProject "The Suggestion-ATOR MAX" */;
			compatibilityVersion = "Xcode 9.3";
			developmentRegion = en;
			hasScannedForEncodings = 0;
			knownRegions = (
				en,
				Base,
			);
			mainGroup = CE1CD05522EE1A7700BD4321;
			productRefGroup = CE1CD05F22EE1A7700BD4321 /* Products */;
			projectDirPath = "";
			projectRoot = "";
			targets = (
				CE1CD05D22EE1A7700BD4321 /* The Suggestion-ATOR MAX */,
			);
		};
/* End PBXProject section */

/* Begin PBXResourcesBuildPhase section */
		CE1CD05C22EE1A7700BD4321 /* Resources */ = {
			isa = PBXResourcesBuildPhase;
			buildActionMask = 2147483647;
			files = (
				CE1CD06F22EE1A7900BD4321 /* LaunchScreen.storyboard in Resources */,
				CE1CD06C22EE1A7900BD4321 /* Assets.xcassets in Resources */,
			);
			runOnlyForDeploymentPostprocessing = 0;
		};
/* End PBXResourcesBuildPhase section */

/* Begin PBXSourcesBuildPhase section */
		CE1CD05A22EE1A7700BD4321 /* Sources */ = {
			isa = PBXSourcesBuildPhase;
			buildActionMask = 2147483647;
			files = (
				CE27F15922EE4BBB00A5DD5B /* RandomizerView.swift in Sources */,
				CE1CD06422EE1A7700BD4321 /* MainViewController.swift in Sources */,
				CE1CD07B22EE3F6E00BD4321 /* SceneCategoryController.swift in Sources */,
				CE3C3BCD2301005500874AB3 /* RandomizerViewModel.swift in Sources */,
				CE1CD07822EE39AD00BD4321 /* UIColor.swift in Sources */,
				CE946A9D22FF678300EF027D /* SceneCategory+CoreDataProperties.swift in Sources */,
				CE946AAF2300E66100EF027D /* SuggestionModel.swift in Sources */,
				CE27F16222EE56D000A5DD5B /* Constraints.swift in Sources */,
				CE946AAD2300D5C700EF027D /* AskForModel.swift in Sources */,
				CE27F15C22EE4EE300A5DD5B /* UIElementManager.swift in Sources */,
				CE1CD07D22EE3F9700BD4321 /* RandomizerViewController.swift in Sources */,
				CE1CD06A22EE1A7700BD4321 /* The_Suggestion_ATOR_MAX.xcdatamodeld in Sources */,
				CE1CD06222EE1A7700BD4321 /* AppDelegate.swift in Sources */,
				CE946A9C22FF678300EF027D /* SceneCategory+CoreDataClass.swift in Sources */,
				CE946AA122FF67EB00EF027D /* AskFor+CoreDataProperties.swift in Sources */,
				CE946AA722FF951300EF027D /* UIViewController.swift in Sources */,
				CE5B897F23086B780092DC15 /* UIView.swift in Sources */,
				CE946AA922FF9EEA00EF027D /* AskForsViewController.swift in Sources */,
				CE27F15E22EE509900A5DD5B /* UIFont.swift in Sources */,
				CEA1834B22F68E570040B96F /* CoreDataManager.swift in Sources */,
				CE946AAB22FFD32600EF027D /* SceneCategoryModel.swift in Sources */,
				CE27F16022EE516900A5DD5B /* UIElementSizes.swift in Sources */,
				CE946AA022FF67EB00EF027D /* AskFor+CoreDataClass.swift in Sources */,
				CE946AA322FF701D00EF027D /* SuggestionController.swift in Sources */,
			);
			runOnlyForDeploymentPostprocessing = 0;
		};
/* End PBXSourcesBuildPhase section */

/* Begin PBXVariantGroup section */
		CE1CD06D22EE1A7900BD4321 /* LaunchScreen.storyboard */ = {
			isa = PBXVariantGroup;
			children = (
				CE1CD06E22EE1A7900BD4321 /* Base */,
			);
			name = LaunchScreen.storyboard;
			sourceTree = "<group>";
		};
/* End PBXVariantGroup section */

/* Begin XCBuildConfiguration section */
		CE1CD07122EE1A7900BD4321 /* Debug */ = {
			isa = XCBuildConfiguration;
			buildSettings = {
				ALWAYS_SEARCH_USER_PATHS = NO;
				CLANG_ANALYZER_NONNULL = YES;
				CLANG_ANALYZER_NUMBER_OBJECT_CONVERSION = YES_AGGRESSIVE;
				CLANG_CXX_LANGUAGE_STANDARD = "gnu++14";
				CLANG_CXX_LIBRARY = "libc++";
				CLANG_ENABLE_MODULES = YES;
				CLANG_ENABLE_OBJC_ARC = YES;
				CLANG_ENABLE_OBJC_WEAK = YES;
				CLANG_WARN_BLOCK_CAPTURE_AUTORELEASING = YES;
				CLANG_WARN_BOOL_CONVERSION = YES;
				CLANG_WARN_COMMA = YES;
				CLANG_WARN_CONSTANT_CONVERSION = YES;
				CLANG_WARN_DEPRECATED_OBJC_IMPLEMENTATIONS = YES;
				CLANG_WARN_DIRECT_OBJC_ISA_USAGE = YES_ERROR;
				CLANG_WARN_DOCUMENTATION_COMMENTS = YES;
				CLANG_WARN_EMPTY_BODY = YES;
				CLANG_WARN_ENUM_CONVERSION = YES;
				CLANG_WARN_INFINITE_RECURSION = YES;
				CLANG_WARN_INT_CONVERSION = YES;
				CLANG_WARN_NON_LITERAL_NULL_CONVERSION = YES;
				CLANG_WARN_OBJC_IMPLICIT_RETAIN_SELF = YES;
				CLANG_WARN_OBJC_LITERAL_CONVERSION = YES;
				CLANG_WARN_OBJC_ROOT_CLASS = YES_ERROR;
				CLANG_WARN_RANGE_LOOP_ANALYSIS = YES;
				CLANG_WARN_STRICT_PROTOTYPES = YES;
				CLANG_WARN_SUSPICIOUS_MOVE = YES;
				CLANG_WARN_UNGUARDED_AVAILABILITY = YES_AGGRESSIVE;
				CLANG_WARN_UNREACHABLE_CODE = YES;
				CLANG_WARN__DUPLICATE_METHOD_MATCH = YES;
				CODE_SIGN_IDENTITY = "iPhone Developer";
				COPY_PHASE_STRIP = NO;
				DEBUG_INFORMATION_FORMAT = dwarf;
				ENABLE_STRICT_OBJC_MSGSEND = YES;
				ENABLE_TESTABILITY = YES;
				GCC_C_LANGUAGE_STANDARD = gnu11;
				GCC_DYNAMIC_NO_PIC = NO;
				GCC_NO_COMMON_BLOCKS = YES;
				GCC_OPTIMIZATION_LEVEL = 0;
				GCC_PREPROCESSOR_DEFINITIONS = (
					"DEBUG=1",
					"$(inherited)",
				);
				GCC_WARN_64_TO_32_BIT_CONVERSION = YES;
				GCC_WARN_ABOUT_RETURN_TYPE = YES_ERROR;
				GCC_WARN_UNDECLARED_SELECTOR = YES;
				GCC_WARN_UNINITIALIZED_AUTOS = YES_AGGRESSIVE;
				GCC_WARN_UNUSED_FUNCTION = YES;
				GCC_WARN_UNUSED_VARIABLE = YES;
				IPHONEOS_DEPLOYMENT_TARGET = 11.0;
				MTL_ENABLE_DEBUG_INFO = INCLUDE_SOURCE;
				MTL_FAST_MATH = YES;
				ONLY_ACTIVE_ARCH = YES;
				SDKROOT = iphoneos;
				SWIFT_ACTIVE_COMPILATION_CONDITIONS = DEBUG;
				SWIFT_OPTIMIZATION_LEVEL = "-Onone";
			};
			name = Debug;
		};
		CE1CD07222EE1A7900BD4321 /* Release */ = {
			isa = XCBuildConfiguration;
			buildSettings = {
				ALWAYS_SEARCH_USER_PATHS = NO;
				CLANG_ANALYZER_NONNULL = YES;
				CLANG_ANALYZER_NUMBER_OBJECT_CONVERSION = YES_AGGRESSIVE;
				CLANG_CXX_LANGUAGE_STANDARD = "gnu++14";
				CLANG_CXX_LIBRARY = "libc++";
				CLANG_ENABLE_MODULES = YES;
				CLANG_ENABLE_OBJC_ARC = YES;
				CLANG_ENABLE_OBJC_WEAK = YES;
				CLANG_WARN_BLOCK_CAPTURE_AUTORELEASING = YES;
				CLANG_WARN_BOOL_CONVERSION = YES;
				CLANG_WARN_COMMA = YES;
				CLANG_WARN_CONSTANT_CONVERSION = YES;
				CLANG_WARN_DEPRECATED_OBJC_IMPLEMENTATIONS = YES;
				CLANG_WARN_DIRECT_OBJC_ISA_USAGE = YES_ERROR;
				CLANG_WARN_DOCUMENTATION_COMMENTS = YES;
				CLANG_WARN_EMPTY_BODY = YES;
				CLANG_WARN_ENUM_CONVERSION = YES;
				CLANG_WARN_INFINITE_RECURSION = YES;
				CLANG_WARN_INT_CONVERSION = YES;
				CLANG_WARN_NON_LITERAL_NULL_CONVERSION = YES;
				CLANG_WARN_OBJC_IMPLICIT_RETAIN_SELF = YES;
				CLANG_WARN_OBJC_LITERAL_CONVERSION = YES;
				CLANG_WARN_OBJC_ROOT_CLASS = YES_ERROR;
				CLANG_WARN_RANGE_LOOP_ANALYSIS = YES;
				CLANG_WARN_STRICT_PROTOTYPES = YES;
				CLANG_WARN_SUSPICIOUS_MOVE = YES;
				CLANG_WARN_UNGUARDED_AVAILABILITY = YES_AGGRESSIVE;
				CLANG_WARN_UNREACHABLE_CODE = YES;
				CLANG_WARN__DUPLICATE_METHOD_MATCH = YES;
				CODE_SIGN_IDENTITY = "iPhone Developer";
				COPY_PHASE_STRIP = NO;
				DEBUG_INFORMATION_FORMAT = "dwarf-with-dsym";
				ENABLE_NS_ASSERTIONS = NO;
				ENABLE_STRICT_OBJC_MSGSEND = YES;
				GCC_C_LANGUAGE_STANDARD = gnu11;
				GCC_NO_COMMON_BLOCKS = YES;
				GCC_WARN_64_TO_32_BIT_CONVERSION = YES;
				GCC_WARN_ABOUT_RETURN_TYPE = YES_ERROR;
				GCC_WARN_UNDECLARED_SELECTOR = YES;
				GCC_WARN_UNINITIALIZED_AUTOS = YES_AGGRESSIVE;
				GCC_WARN_UNUSED_FUNCTION = YES;
				GCC_WARN_UNUSED_VARIABLE = YES;
				IPHONEOS_DEPLOYMENT_TARGET = 11.0;
				MTL_ENABLE_DEBUG_INFO = NO;
				MTL_FAST_MATH = YES;
				SDKROOT = iphoneos;
				SWIFT_COMPILATION_MODE = wholemodule;
				SWIFT_OPTIMIZATION_LEVEL = "-O";
				VALIDATE_PRODUCT = YES;
			};
			name = Release;
		};
		CE1CD07422EE1A7900BD4321 /* Debug */ = {
			isa = XCBuildConfiguration;
			buildSettings = {
				ASSETCATALOG_COMPILER_APPICON_NAME = AppIcon;
				CODE_SIGN_STYLE = Automatic;
				DEVELOPMENT_TEAM = SV69BK44Z9;
				INFOPLIST_FILE = "The Suggestion-ATOR MAX/Info.plist";
				IPHONEOS_DEPLOYMENT_TARGET = 12.0;
				LD_RUNPATH_SEARCH_PATHS = (
					"$(inherited)",
					"@executable_path/Frameworks",
				);
				PRODUCT_BUNDLE_IDENTIFIER = "Paus-Productions.The-Suggestion-ATOR-MAX";
				PRODUCT_NAME = "$(TARGET_NAME)";
				SWIFT_VERSION = 5.0;
				TARGETED_DEVICE_FAMILY = "1,2";
			};
			name = Debug;
		};
		CE1CD07522EE1A7900BD4321 /* Release */ = {
			isa = XCBuildConfiguration;
			buildSettings = {
				ASSETCATALOG_COMPILER_APPICON_NAME = AppIcon;
				CODE_SIGN_STYLE = Automatic;
				DEVELOPMENT_TEAM = SV69BK44Z9;
				INFOPLIST_FILE = "The Suggestion-ATOR MAX/Info.plist";
				IPHONEOS_DEPLOYMENT_TARGET = 12.0;
				LD_RUNPATH_SEARCH_PATHS = (
					"$(inherited)",
					"@executable_path/Frameworks",
				);
				PRODUCT_BUNDLE_IDENTIFIER = "Paus-Productions.The-Suggestion-ATOR-MAX";
				PRODUCT_NAME = "$(TARGET_NAME)";
				SWIFT_VERSION = 5.0;
				TARGETED_DEVICE_FAMILY = "1,2";
			};
			name = Release;
		};
/* End XCBuildConfiguration section */

/* Begin XCConfigurationList section */
		CE1CD05922EE1A7700BD4321 /* Build configuration list for PBXProject "The Suggestion-ATOR MAX" */ = {
			isa = XCConfigurationList;
			buildConfigurations = (
				CE1CD07122EE1A7900BD4321 /* Debug */,
				CE1CD07222EE1A7900BD4321 /* Release */,
			);
			defaultConfigurationIsVisible = 0;
			defaultConfigurationName = Release;
		};
		CE1CD07322EE1A7900BD4321 /* Build configuration list for PBXNativeTarget "The Suggestion-ATOR MAX" */ = {
			isa = XCConfigurationList;
			buildConfigurations = (
				CE1CD07422EE1A7900BD4321 /* Debug */,
				CE1CD07522EE1A7900BD4321 /* Release */,
			);
			defaultConfigurationIsVisible = 0;
			defaultConfigurationName = Release;
		};
/* End XCConfigurationList section */

/* Begin XCVersionGroup section */
		CE1CD06822EE1A7700BD4321 /* The_Suggestion_ATOR_MAX.xcdatamodeld */ = {
			isa = XCVersionGroup;
			children = (
				CE1CD06922EE1A7700BD4321 /* The_Suggestion_ATOR_MAX.xcdatamodel */,
			);
			currentVersion = CE1CD06922EE1A7700BD4321 /* The_Suggestion_ATOR_MAX.xcdatamodel */;
			path = The_Suggestion_ATOR_MAX.xcdatamodeld;
			sourceTree = "<group>";
			versionGroupType = wrapper.xcdatamodel;
		};
/* End XCVersionGroup section */
	};
	rootObject = CE1CD05622EE1A7700BD4321 /* Project object */;
}
